
Microsoft Visual Studio Solution File, Format Version 12.00
# Visual Studio 15
VisualStudioVersion = 15.0.28307.168
MinimumVisualStudioVersion = 10.0.40219.1
Project("{FAE04EC0-301F-11D3-BF4B-00C04F79EFBC}") = "DataGridView", "DataGridView\DataGridView.csproj", "{C05B18AA-0CC8-439D-91CA-6B39B82D5CD4}"
EndProject
Global
	GlobalSection(SolutionConfigurationPlatforms) = preSolution
		Debug|Any CPU = Debug|Any CPU
		Release|Any CPU = Release|Any CPU
	EndGlobalSection
	GlobalSection(ProjectConfigurationPlatforms) = postSolution
		{C05B18AA-0CC8-439D-91CA-6B39B82D5CD4}.Debug|Any CPU.ActiveCfg = Debug|Any CPU
		{C05B18AA-0CC8-439D-91CA-6B39B82D5CD4}.Debug|Any CPU.Build.0 = Debug|Any CPU
		{C05B18AA-0CC8-439D-91CA-6B39B82D5CD4}.Release|Any CPU.ActiveCfg = Release|Any CPU
		{C05B18AA-0CC8-439D-91CA-6B39B82D5CD4}.Release|Any CPU.Build.0 = Release|Any CPU
	EndGlobalSection
	GlobalSection(SolutionProperties) = preSolution
		HideSolutionNode = FALSE
	EndGlobalSection
	GlobalSection(ExtensibilityGlobals) = postSolution
		SolutionGuid = {DF3C45AA-D236-4ADD-963C-6475BF8FE6DC}
	EndGlobalSection
EndGlobal
